// !$*UTF8*$!
{
	archiveVersion = 1;
	classes = {
	};
	objectVersion = 46;
	objects = {

/* Begin PBXBuildFile section */
		272653731DEBC66900F4BA74 /* FactProvider.swift in Sources */ = {isa = PBXBuildFile; fileRef = 272653721DEBC66900F4BA74 /* FactProvider.swift */; };
		272653751DEC1BC300F4BA74 /* BackgroundColorProvider.swift in Sources */ = {isa = PBXBuildFile; fileRef = 272653741DEC1BC300F4BA74 /* BackgroundColorProvider.swift */; };
		2777918D1DEA61E90096A332 /* AppDelegate.swift in Sources */ = {isa = PBXBuildFile; fileRef = 2777918C1DEA61E90096A332 /* AppDelegate.swift */; };
		2777918F1DEA61E90096A332 /* ViewController.swift in Sources */ = {isa = PBXBuildFile; fileRef = 2777918E1DEA61E90096A332 /* ViewController.swift */; };
		277791921DEA61E90096A332 /* Main.storyboard in Resources */ = {isa = PBXBuildFile; fileRef = 277791901DEA61E90096A332 /* Main.storyboard */; };
		277791941DEA61E90096A332 /* Assets.xcassets in Resources */ = {isa = PBXBuildFile; fileRef = 277791931DEA61E90096A332 /* Assets.xcassets */; };
		277791971DEA61E90096A332 /* LaunchScreen.storyboard in Resources */ = {isa = PBXBuildFile; fileRef = 277791951DEA61E90096A332 /* LaunchScreen.storyboard */; };
		2799FAE11DECD55C00190ADD /* FunFactTest.swift in Sources */ = {isa = PBXBuildFile; fileRef = 2799FAE01DECD55C00190ADD /* FunFactTest.swift */; };
		2799FAE81DECD56F00190ADD /* TestCase.swift in Sources */ = {isa = PBXBuildFile; fileRef = 27B635B61DECC360001BE57A /* TestCase.swift */; };
		2799FAE91DECD56F00190ADD /* WaitForElements.swift in Sources */ = {isa = PBXBuildFile; fileRef = 27B635BD1DECC46A001BE57A /* WaitForElements.swift */; };
		2799FAEA1DECD56F00190ADD /* Model.swift in Sources */ = {isa = PBXBuildFile; fileRef = 27B635B81DECC3DB001BE57A /* Model.swift */; };
		2799FAEB1DECD56F00190ADD /* FunFactLandingViewModel.swift in Sources */ = {isa = PBXBuildFile; fileRef = 27B635C01DECC615001BE57A /* FunFactLandingViewModel.swift */; };
/* End PBXBuildFile section */

/* Begin PBXContainerItemProxy section */
		2799FAE31DECD55C00190ADD /* PBXContainerItemProxy */ = {
			isa = PBXContainerItemProxy;
			containerPortal = 277791811DEA61E80096A332 /* Project object */;
			proxyType = 1;
			remoteGlobalIDString = 277791881DEA61E80096A332;
			remoteInfo = FunFacts;
		};
/* End PBXContainerItemProxy section */

/* Begin PBXFileReference section */
		272653721DEBC66900F4BA74 /* FactProvider.swift */ = {isa = PBXFileReference; fileEncoding = 4; lastKnownFileType = sourcecode.swift; path = FactProvider.swift; sourceTree = "<group>"; };
		272653741DEC1BC300F4BA74 /* BackgroundColorProvider.swift */ = {isa = PBXFileReference; fileEncoding = 4; lastKnownFileType = sourcecode.swift; path = BackgroundColorProvider.swift; sourceTree = "<group>"; };
		277791891DEA61E90096A332 /* FunFacts.app */ = {isa = PBXFileReference; explicitFileType = wrapper.application; includeInIndex = 0; path = FunFacts.app; sourceTree = BUILT_PRODUCTS_DIR; };
		2777918C1DEA61E90096A332 /* AppDelegate.swift */ = {isa = PBXFileReference; lastKnownFileType = sourcecode.swift; path = AppDelegate.swift; sourceTree = "<group>"; };
		2777918E1DEA61E90096A332 /* ViewController.swift */ = {isa = PBXFileReference; lastKnownFileType = sourcecode.swift; path = ViewController.swift; sourceTree = "<group>"; };
		277791911DEA61E90096A332 /* Base */ = {isa = PBXFileReference; lastKnownFileType = file.storyboard; name = Base; path = Base.lproj/Main.storyboard; sourceTree = "<group>"; };
		277791931DEA61E90096A332 /* Assets.xcassets */ = {isa = PBXFileReference; lastKnownFileType = folder.assetcatalog; path = Assets.xcassets; sourceTree = "<group>"; };
		277791961DEA61E90096A332 /* Base */ = {isa = PBXFileReference; lastKnownFileType = file.storyboard; name = Base; path = Base.lproj/LaunchScreen.storyboard; sourceTree = "<group>"; };
		277791981DEA61E90096A332 /* Info.plist */ = {isa = PBXFileReference; lastKnownFileType = text.plist.xml; path = Info.plist; sourceTree = "<group>"; };
		2799FADE1DECD55C00190ADD /* FunFactTest.xctest */ = {isa = PBXFileReference; explicitFileType = wrapper.cfbundle; includeInIndex = 0; path = FunFactTest.xctest; sourceTree = BUILT_PRODUCTS_DIR; };
		2799FAE01DECD55C00190ADD /* FunFactTest.swift */ = {isa = PBXFileReference; lastKnownFileType = sourcecode.swift; path = FunFactTest.swift; sourceTree = "<group>"; };
		2799FAE21DECD55C00190ADD /* Info.plist */ = {isa = PBXFileReference; lastKnownFileType = text.plist.xml; path = Info.plist; sourceTree = "<group>"; };
		27B635B61DECC360001BE57A /* TestCase.swift */ = {isa = PBXFileReference; fileEncoding = 4; lastKnownFileType = sourcecode.swift; path = TestCase.swift; sourceTree = "<group>"; };
		27B635B81DECC3DB001BE57A /* Model.swift */ = {isa = PBXFileReference; fileEncoding = 4; lastKnownFileType = sourcecode.swift; path = Model.swift; sourceTree = "<group>"; };
		27B635BD1DECC46A001BE57A /* WaitForElements.swift */ = {isa = PBXFileReference; fileEncoding = 4; lastKnownFileType = sourcecode.swift; path = WaitForElements.swift; sourceTree = "<group>"; };
		27B635C01DECC615001BE57A /* FunFactLandingViewModel.swift */ = {isa = PBXFileReference; fileEncoding = 4; lastKnownFileType = sourcecode.swift; path = FunFactLandingViewModel.swift; sourceTree = "<group>"; };
/* End PBXFileReference section */

/* Begin PBXFrameworksBuildPhase section */
		277791861DEA61E80096A332 /* Frameworks */ = {
			isa = PBXFrameworksBuildPhase;
			buildActionMask = 2147483647;
			files = (
			);
			runOnlyForDeploymentPostprocessing = 0;
		};
		2799FADB1DECD55C00190ADD /* Frameworks */ = {
			isa = PBXFrameworksBuildPhase;
			buildActionMask = 2147483647;
			files = (
			);
			runOnlyForDeploymentPostprocessing = 0;
		};
/* End PBXFrameworksBuildPhase section */

/* Begin PBXGroup section */
		272653711DEBC64F00F4BA74 /* Models */ = {
			isa = PBXGroup;
			children = (
				272653721DEBC66900F4BA74 /* FactProvider.swift */,
				272653741DEC1BC300F4BA74 /* BackgroundColorProvider.swift */,
			);
			name = Models;
			sourceTree = "<group>";
		};
		277791801DEA61E80096A332 = {
			isa = PBXGroup;
			children = (
				2777918B1DEA61E90096A332 /* FunFacts */,
				27B635B41DECC2D9001BE57A /* Tests */,
				2799FADF1DECD55C00190ADD /* FunFactTest */,
				2777918A1DEA61E90096A332 /* Products */,
			);
			sourceTree = "<group>";
		};
		2777918A1DEA61E90096A332 /* Products */ = {
			isa = PBXGroup;
			children = (
				277791891DEA61E90096A332 /* FunFacts.app */,
				2799FADE1DECD55C00190ADD /* FunFactTest.xctest */,
			);
			name = Products;
			sourceTree = "<group>";
		};
		2777918B1DEA61E90096A332 /* FunFacts */ = {
			isa = PBXGroup;
			children = (
				2777918C1DEA61E90096A332 /* AppDelegate.swift */,
				2777918E1DEA61E90096A332 /* ViewController.swift */,
				277791901DEA61E90096A332 /* Main.storyboard */,
				277791931DEA61E90096A332 /* Assets.xcassets */,
				277791951DEA61E90096A332 /* LaunchScreen.storyboard */,
				277791981DEA61E90096A332 /* Info.plist */,
				272653711DEBC64F00F4BA74 /* Models */,
			);
			path = FunFacts;
			sourceTree = "<group>";
		};
		2799FADF1DECD55C00190ADD /* FunFactTest */ = {
			isa = PBXGroup;
			children = (
				2799FAE01DECD55C00190ADD /* FunFactTest.swift */,
				2799FAE21DECD55C00190ADD /* Info.plist */,
			);
			path = FunFactTest;
			sourceTree = "<group>";
		};
		27B635B41DECC2D9001BE57A /* Tests */ = {
			isa = PBXGroup;
			children = (
				27B635B61DECC360001BE57A /* TestCase.swift */,
				27B635BC1DECC431001BE57A /* Extensions */,
				27B635B51DECC2ED001BE57A /* Models */,
			);
			name = Tests;
			sourceTree = "<group>";
		};
		27B635B51DECC2ED001BE57A /* Models */ = {
			isa = PBXGroup;
			children = (
				27B635B81DECC3DB001BE57A /* Model.swift */,
				27B635C01DECC615001BE57A /* FunFactLandingViewModel.swift */,
			);
			name = Models;
			sourceTree = "<group>";
		};
		27B635BC1DECC431001BE57A /* Extensions */ = {
			isa = PBXGroup;
			children = (
				27B635BD1DECC46A001BE57A /* WaitForElements.swift */,
			);
			name = Extensions;
			sourceTree = "<group>";
		};
/* End PBXGroup section */

/* Begin PBXNativeTarget section */
		277791881DEA61E80096A332 /* FunFacts */ = {
			isa = PBXNativeTarget;
			buildConfigurationList = 2777919B1DEA61E90096A332 /* Build configuration list for PBXNativeTarget "FunFacts" */;
			buildPhases = (
				277791851DEA61E80096A332 /* Sources */,
				277791861DEA61E80096A332 /* Frameworks */,
				277791871DEA61E80096A332 /* Resources */,
			);
			buildRules = (
			);
			dependencies = (
			);
			name = FunFacts;
			productName = FunFacts;
			productReference = 277791891DEA61E90096A332 /* FunFacts.app */;
			productType = "com.apple.product-type.application";
		};
		2799FADD1DECD55C00190ADD /* FunFactTest */ = {
			isa = PBXNativeTarget;
			buildConfigurationList = 2799FAE51DECD55C00190ADD /* Build configuration list for PBXNativeTarget "FunFactTest" */;
			buildPhases = (
				2799FADA1DECD55C00190ADD /* Sources */,
				2799FADB1DECD55C00190ADD /* Frameworks */,
				2799FADC1DECD55C00190ADD /* Resources */,
			);
			buildRules = (
			);
			dependencies = (
				2799FAE41DECD55C00190ADD /* PBXTargetDependency */,
			);
			name = FunFactTest;
			productName = FunFactTest;
			productReference = 2799FADE1DECD55C00190ADD /* FunFactTest.xctest */;
			productType = "com.apple.product-type.bundle.ui-testing";
		};
/* End PBXNativeTarget section */

/* Begin PBXProject section */
		277791811DEA61E80096A332 /* Project object */ = {
			isa = PBXProject;
			attributes = {
				LastSwiftUpdateCheck = 0810;
				LastUpgradeCheck = 0810;
				ORGANIZATIONNAME = "Jeremiah Jacquet";
				TargetAttributes = {
					277791881DEA61E80096A332 = {
						CreatedOnToolsVersion = 8.1;
						DevelopmentTeam = KA29A4EV7D;
						ProvisioningStyle = Automatic;
					};
					2799FADD1DECD55C00190ADD = {
						CreatedOnToolsVersion = 8.1;
						DevelopmentTeam = KA29A4EV7D;
						ProvisioningStyle = Automatic;
						TestTargetID = 277791881DEA61E80096A332;
					};
				};
			};
			buildConfigurationList = 277791841DEA61E80096A332 /* Build configuration list for PBXProject "FunFacts" */;
			compatibilityVersion = "Xcode 3.2";
			developmentRegion = English;
			hasScannedForEncodings = 0;
			knownRegions = (
				en,
				Base,
			);
			mainGroup = 277791801DEA61E80096A332;
			productRefGroup = 2777918A1DEA61E90096A332 /* Products */;
			projectDirPath = "";
			projectRoot = "";
			targets = (
				277791881DEA61E80096A332 /* FunFacts */,
				2799FADD1DECD55C00190ADD /* FunFactTest */,
			);
		};
/* End PBXProject section */

/* Begin PBXResourcesBuildPhase section */
		277791871DEA61E80096A332 /* Resources */ = {
			isa = PBXResourcesBuildPhase;
			buildActionMask = 2147483647;
			files = (
				277791971DEA61E90096A332 /* LaunchScreen.storyboard in Resources */,
				277791941DEA61E90096A332 /* Assets.xcassets in Resources */,
				277791921DEA61E90096A332 /* Main.storyboard in Resources */,
			);
			runOnlyForDeploymentPostprocessing = 0;
		};
		2799FADC1DECD55C00190ADD /* Resources */ = {
			isa = PBXResourcesBuildPhase;
			buildActionMask = 2147483647;
			files = (
			);
			runOnlyForDeploymentPostprocessing = 0;
		};
/* End PBXResourcesBuildPhase section */

/* Begin PBXSourcesBuildPhase section */
		277791851DEA61E80096A332 /* Sources */ = {
			isa = PBXSourcesBuildPhase;
			buildActionMask = 2147483647;
			files = (
				272653751DEC1BC300F4BA74 /* BackgroundColorProvider.swift in Sources */,
				2777918F1DEA61E90096A332 /* ViewController.swift in Sources */,
				2777918D1DEA61E90096A332 /* AppDelegate.swift in Sources */,
				272653731DEBC66900F4BA74 /* FactProvider.swift in Sources */,
			);
			runOnlyForDeploymentPostprocessing = 0;
		};
		2799FADA1DECD55C00190ADD /* Sources */ = {
			isa = PBXSourcesBuildPhase;
			buildActionMask = 2147483647;
			files = (
				2799FAE11DECD55C00190ADD /* FunFactTest.swift in Sources */,
				2799FAEB1DECD56F00190ADD /* FunFactLandingViewModel.swift in Sources */,
				2799FAE91DECD56F00190ADD /* WaitForElements.swift in Sources */,
				2799FAE81DECD56F00190ADD /* TestCase.swift in Sources */,
				2799FAEA1DECD56F00190ADD /* Model.swift in Sources */,
			);
			runOnlyForDeploymentPostprocessing = 0;
		};
/* End PBXSourcesBuildPhase section */

/* Begin PBXTargetDependency section */
		2799FAE41DECD55C00190ADD /* PBXTargetDependency */ = {
			isa = PBXTargetDependency;
			target = 277791881DEA61E80096A332 /* FunFacts */;
			targetProxy = 2799FAE31DECD55C00190ADD /* PBXContainerItemProxy */;
		};
/* End PBXTargetDependency section */

/* Begin PBXVariantGroup section */
		277791901DEA61E90096A332 /* Main.storyboard */ = {
			isa = PBXVariantGroup;
			children = (
				277791911DEA61E90096A332 /* Base */,
			);
			name = Main.storyboard;
			sourceTree = "<group>";
		};
		277791951DEA61E90096A332 /* LaunchScreen.storyboard */ = {
			isa = PBXVariantGroup;
			children = (
				277791961DEA61E90096A332 /* Base */,
			);
			name = LaunchScreen.storyboard;
			sourceTree = "<group>";
		};
/* End PBXVariantGroup section */

/* Begin XCBuildConfiguration section */
		277791991DEA61E90096A332 /* Debug */ = {
			isa = XCBuildConfiguration;
			buildSettings = {
				ALWAYS_SEARCH_USER_PATHS = NO;
				CLANG_ANALYZER_NONNULL = YES;
				CLANG_CXX_LANGUAGE_STANDARD = "gnu++0x";
				CLANG_CXX_LIBRARY = "libc++";
				CLANG_ENABLE_MODULES = YES;
				CLANG_ENABLE_OBJC_ARC = YES;
				CLANG_WARN_BOOL_CONVERSION = YES;
				CLANG_WARN_CONSTANT_CONVERSION = YES;
				CLANG_WARN_DIRECT_OBJC_ISA_USAGE = YES_ERROR;
				CLANG_WARN_DOCUMENTATION_COMMENTS = YES;
				CLANG_WARN_EMPTY_BODY = YES;
				CLANG_WARN_ENUM_CONVERSION = YES;
				CLANG_WARN_INFINITE_RECURSION = YES;
				CLANG_WARN_INT_CONVERSION = YES;
				CLANG_WARN_OBJC_ROOT_CLASS = YES_ERROR;
				CLANG_WARN_SUSPICIOUS_MOVES = YES;
				CLANG_WARN_UNREACHABLE_CODE = YES;
				CLANG_WARN__DUPLICATE_METHOD_MATCH = YES;
				"CODE_SIGN_IDENTITY[sdk=iphoneos*]" = "iPhone Developer";
				COPY_PHASE_STRIP = NO;
				DEBUG_INFORMATION_FORMAT = dwarf;
				ENABLE_STRICT_OBJC_MSGSEND = YES;
				ENABLE_TESTABILITY = YES;
				GCC_C_LANGUAGE_STANDARD = gnu99;
				GCC_DYNAMIC_NO_PIC = NO;
				GCC_NO_COMMON_BLOCKS = YES;
				GCC_OPTIMIZATION_LEVEL = 0;
				GCC_PREPROCESSOR_DEFINITIONS = (
					"DEBUG=1",
					"$(inherited)",
				);
				GCC_WARN_64_TO_32_BIT_CONVERSION = YES;
				GCC_WARN_ABOUT_RETURN_TYPE = YES_ERROR;
				GCC_WARN_UNDECLARED_SELECTOR = YES;
				GCC_WARN_UNINITIALIZED_AUTOS = YES_AGGRESSIVE;
				GCC_WARN_UNUSED_FUNCTION = YES;
				GCC_WARN_UNUSED_VARIABLE = YES;
				IPHONEOS_DEPLOYMENT_TARGET = 10.1;
				MTL_ENABLE_DEBUG_INFO = YES;
				ONLY_ACTIVE_ARCH = YES;
				SDKROOT = iphoneos;
				SWIFT_ACTIVE_COMPILATION_CONDITIONS = DEBUG;
				SWIFT_OPTIMIZATION_LEVEL = "-Onone";
				TARGETED_DEVICE_FAMILY = "1,2";
			};
			name = Debug;
		};
		2777919A1DEA61E90096A332 /* Release */ = {
			isa = XCBuildConfiguration;
			buildSettings = {
				ALWAYS_SEARCH_USER_PATHS = NO;
				CLANG_ANALYZER_NONNULL = YES;
				CLANG_CXX_LANGUAGE_STANDARD = "gnu++0x";
				CLANG_CXX_LIBRARY = "libc++";
				CLANG_ENABLE_MODULES = YES;
				CLANG_ENABLE_OBJC_ARC = YES;
				CLANG_WARN_BOOL_CONVERSION = YES;
				CLANG_WARN_CONSTANT_CONVERSION = YES;
				CLANG_WARN_DIRECT_OBJC_ISA_USAGE = YES_ERROR;
				CLANG_WARN_DOCUMENTATION_COMMENTS = YES;
				CLANG_WARN_EMPTY_BODY = YES;
				CLANG_WARN_ENUM_CONVERSION = YES;
				CLANG_WARN_INFINITE_RECURSION = YES;
				CLANG_WARN_INT_CONVERSION = YES;
				CLANG_WARN_OBJC_ROOT_CLASS = YES_ERROR;
				CLANG_WARN_SUSPICIOUS_MOVES = YES;
				CLANG_WARN_UNREACHABLE_CODE = YES;
				CLANG_WARN__DUPLICATE_METHOD_MATCH = YES;
				"CODE_SIGN_IDENTITY[sdk=iphoneos*]" = "iPhone Developer";
				COPY_PHASE_STRIP = NO;
				DEBUG_INFORMATION_FORMAT = "dwarf-with-dsym";
				ENABLE_NS_ASSERTIONS = NO;
				ENABLE_STRICT_OBJC_MSGSEND = YES;
				GCC_C_LANGUAGE_STANDARD = gnu99;
				GCC_NO_COMMON_BLOCKS = YES;
				GCC_WARN_64_TO_32_BIT_CONVERSION = YES;
				GCC_WARN_ABOUT_RETURN_TYPE = YES_ERROR;
				GCC_WARN_UNDECLARED_SELECTOR = YES;
				GCC_WARN_UNINITIALIZED_AUTOS = YES_AGGRESSIVE;
				GCC_WARN_UNUSED_FUNCTION = YES;
				GCC_WARN_UNUSED_VARIABLE = YES;
				IPHONEOS_DEPLOYMENT_TARGET = 10.1;
				MTL_ENABLE_DEBUG_INFO = NO;
				SDKROOT = iphoneos;
				SWIFT_OPTIMIZATION_LEVEL = "-Owholemodule";
				TARGETED_DEVICE_FAMILY = "1,2";
				VALIDATE_PRODUCT = YES;
			};
			name = Release;
		};
		2777919C1DEA61E90096A332 /* Debug */ = {
			isa = XCBuildConfiguration;
			buildSettings = {
				ASSETCATALOG_COMPILER_APPICON_NAME = AppIcon;
				DEVELOPMENT_TEAM = KA29A4EV7D;
				INFOPLIST_FILE = FunFacts/Info.plist;
				LD_RUNPATH_SEARCH_PATHS = "$(inherited) @executable_path/Frameworks";
				PRODUCT_BUNDLE_IDENTIFIER = com.jeremiah.FunFacts;
				PRODUCT_NAME = "$(TARGET_NAME)";
				SWIFT_VERSION = 3.0;
			};
			name = Debug;
		};
		2777919D1DEA61E90096A332 /* Release */ = {
			isa = XCBuildConfiguration;
			buildSettings = {
				ASSETCATALOG_COMPILER_APPICON_NAME = AppIcon;
				DEVELOPMENT_TEAM = KA29A4EV7D;
				INFOPLIST_FILE = FunFacts/Info.plist;
				LD_RUNPATH_SEARCH_PATHS = "$(inherited) @executable_path/Frameworks";
				PRODUCT_BUNDLE_IDENTIFIER = com.jeremiah.FunFacts;
				PRODUCT_NAME = "$(TARGET_NAME)";
				SWIFT_VERSION = 3.0;
			};
			name = Release;
		};
		2799FAE61DECD55C00190ADD /* Debug */ = {
			isa = XCBuildConfiguration;
			buildSettings = {
				DEVELOPMENT_TEAM = KA29A4EV7D;
				INFOPLIST_FILE = FunFactTest/Info.plist;
				LD_RUNPATH_SEARCH_PATHS = "$(inherited) @executable_path/Frameworks @loader_path/Frameworks";
				PRODUCT_BUNDLE_IDENTIFIER = com.jeremiah.FunFactTest;
				PRODUCT_NAME = "$(TARGET_NAME)";
				SWIFT_VERSION = 3.0;
				TEST_TARGET_NAME = FunFacts;
			};
			name = Debug;
		};
		2799FAE71DECD55C00190ADD /* Release */ = {
			isa = XCBuildConfiguration;
			buildSettings = {
				DEVELOPMENT_TEAM = KA29A4EV7D;
				INFOPLIST_FILE = FunFactTest/Info.plist;
				LD_RUNPATH_SEARCH_PATHS = "$(inherited) @executable_path/Frameworks @loader_path/Frameworks";
				PRODUCT_BUNDLE_IDENTIFIER = com.jeremiah.FunFactTest;
				PRODUCT_NAME = "$(TARGET_NAME)";
				SWIFT_VERSION = 3.0;
				TEST_TARGET_NAME = FunFacts;
			};
			name = Release;
		};
/* End XCBuildConfiguration section */

/* Begin XCConfigurationList section */
		277791841DEA61E80096A332 /* Build configuration list for PBXProject "FunFacts" */ = {
			isa = XCConfigurationList;
			buildConfigurations = (
				277791991DEA61E90096A332 /* Debug */,
				2777919A1DEA61E90096A332 /* Release */,
			);
			defaultConfigurationIsVisible = 0;
			defaultConfigurationName = Release;
		};
		2777919B1DEA61E90096A332 /* Build configuration list for PBXNativeTarget "FunFacts" */ = {
			isa = XCConfigurationList;
			buildConfigurations = (
				2777919C1DEA61E90096A332 /* Debug */,
				2777919D1DEA61E90096A332 /* Release */,
			);
			defaultConfigurationIsVisible = 0;
			defaultConfigurationName = Release;
		};
		2799FAE51DECD55C00190ADD /* Build configuration list for PBXNativeTarget "FunFactTest" */ = {
			isa = XCConfigurationList;
			buildConfigurations = (
				2799FAE61DECD55C00190ADD /* Debug */,
				2799FAE71DECD55C00190ADD /* Release */,
			);
			defaultConfigurationIsVisible = 0;
		};
/* End XCConfigurationList section */
	};
	rootObject = 277791811DEA61E80096A332 /* Project object */;
}
